
Microsoft Visual Studio Solution File, Format Version 12.00
# Visual Studio Version 17
VisualStudioVersion = 17.8.34330.188
MinimumVisualStudioVersion = 10.0.40219.1
Project("{FAE04EC0-301F-11D3-BF4B-00C04F79EFBC}") = "oop-laboratory1", "oop-laboratory1.csproj", "{A6C4D5A6-55BB-422E-85D4-ECEC350D9C6D}"
EndProject
Global
	GlobalSection(SolutionConfigurationPlatforms) = preSolution
		Debug|Any CPU = Debug|Any CPU
		Release|Any CPU = Release|Any CPU
	EndGlobalSection
	GlobalSection(ProjectConfigurationPlatforms) = postSolution
		{A6C4D5A6-55BB-422E-85D4-ECEC350D9C6D}.Debug|Any CPU.ActiveCfg = Debug|Any CPU
		{A6C4D5A6-55BB-422E-85D4-ECEC350D9C6D}.Debug|Any CPU.Build.0 = Debug|Any CPU
		{A6C4D5A6-55BB-422E-85D4-ECEC350D9C6D}.Release|Any CPU.ActiveCfg = Release|Any CPU
		{A6C4D5A6-55BB-422E-85D4-ECEC350D9C6D}.Release|Any CPU.Build.0 = Release|Any CPU
	EndGlobalSection
	GlobalSection(SolutionProperties) = preSolution
		HideSolutionNode = FALSE
	EndGlobalSection
	GlobalSection(ExtensibilityGlobals) = postSolution
		SolutionGuid = {033EDC1D-345F-4C0D-92DE-FFA0C8E0B500}
	EndGlobalSection
EndGlobal
